
Microsoft Visual Studio Solution File, Format Version 12.00
# Visual Studio Version 17
VisualStudioVersion = 17.6.33723.286
MinimumVisualStudioVersion = 10.0.40219.1
Project("{FAE04EC0-301F-11D3-BF4B-00C04F79EFBC}") = "TestConsole", "TestConsole\TestConsole.csproj", "{FFB67AF7-5418-4CE7-A00D-D7B7AEE4CE21}"
EndProject
Global
	GlobalSection(SolutionConfigurationPlatforms) = preSolution
		Debug|Any CPU = Debug|Any CPU
		Release|Any CPU = Release|Any CPU
	EndGlobalSection
	GlobalSection(ProjectConfigurationPlatforms) = postSolution
		{FFB67AF7-5418-4CE7-A00D-D7B7AEE4CE21}.Debug|Any CPU.ActiveCfg = Debug|Any CPU
		{FFB67AF7-5418-4CE7-A00D-D7B7AEE4CE21}.Debug|Any CPU.Build.0 = Debug|Any CPU
		{FFB67AF7-5418-4CE7-A00D-D7B7AEE4CE21}.Release|Any CPU.ActiveCfg = Release|Any CPU
		{FFB67AF7-5418-4CE7-A00D-D7B7AEE4CE21}.Release|Any CPU.Build.0 = Release|Any CPU
	EndGlobalSection
	GlobalSection(SolutionProperties) = preSolution
		HideSolutionNode = FALSE
	EndGlobalSection
	GlobalSection(ExtensibilityGlobals) = postSolution
		SolutionGuid = {D4318B7E-50BC-4A82-A7D1-6CAAE6EE4C8C}
	EndGlobalSection
EndGlobal
